
Microsoft Visual Studio Solution File, Format Version 12.00
# Visual Studio Version 17
VisualStudioVersion = 17.7.34031.279
MinimumVisualStudioVersion = 10.0.40219.1
Project("{8BC9CEB8-8B4A-11D0-8D11-00A0C91BC942}") = "lecture23", "lecture23.vcxproj", "{E49B3762-E500-41E5-880B-1884D00FEDBE}"
EndProject
Global
	GlobalSection(SolutionConfigurationPlatforms) = preSolution
		Debug|x64 = Debug|x64
		Debug|x86 = Debug|x86
		Release|x64 = Release|x64
		Release|x86 = Release|x86
	EndGlobalSection
	GlobalSection(ProjectConfigurationPlatforms) = postSolution
		{E49B3762-E500-41E5-880B-1884D00FEDBE}.Debug|x64.ActiveCfg = Debug|x64
		{E49B3762-E500-41E5-880B-1884D00FEDBE}.Debug|x64.Build.0 = Debug|x64
		{E49B3762-E500-41E5-880B-1884D00FEDBE}.Debug|x86.ActiveCfg = Debug|Win32
		{E49B3762-E500-41E5-880B-1884D00FEDBE}.Debug|x86.Build.0 = Debug|Win32
		{E49B3762-E500-41E5-880B-1884D00FEDBE}.Release|x64.ActiveCfg = Release|x64
		{E49B3762-E500-41E5-880B-1884D00FEDBE}.Release|x64.Build.0 = Release|x64
		{E49B3762-E500-41E5-880B-1884D00FEDBE}.Release|x86.ActiveCfg = Release|Win32
		{E49B3762-E500-41E5-880B-1884D00FEDBE}.Release|x86.Build.0 = Release|Win32
	EndGlobalSection
	GlobalSection(SolutionProperties) = preSolution
		HideSolutionNode = FALSE
	EndGlobalSection
	GlobalSection(ExtensibilityGlobals) = postSolution
		SolutionGuid = {D982561B-85AB-4182-90F7-EA5ADE03282E}
	EndGlobalSection
EndGlobal
